
Microsoft Visual Studio Solution File, Format Version 12.00
# Visual Studio Version 17
VisualStudioVersion = 17.13.35825.156 d17.13
MinimumVisualStudioVersion = 10.0.40219.1
Project("{FAE04EC0-301F-11D3-BF4B-00C04F79EFBC}") = "BacktestAPI", "BacktestAPI.csproj", "{AD13DEB7-FFE6-45F5-ADE9-B083E7463F40}"
EndProject
Global
	GlobalSection(SolutionConfigurationPlatforms) = preSolution
		Debug|Any CPU = Debug|Any CPU
		Release|Any CPU = Release|Any CPU
	EndGlobalSection
	GlobalSection(ProjectConfigurationPlatforms) = postSolution
		{AD13DEB7-FFE6-45F5-ADE9-B083E7463F40}.Debug|Any CPU.ActiveCfg = Debug|Any CPU
		{AD13DEB7-FFE6-45F5-ADE9-B083E7463F40}.Debug|Any CPU.Build.0 = Debug|Any CPU
		{AD13DEB7-FFE6-45F5-ADE9-B083E7463F40}.Release|Any CPU.ActiveCfg = Release|Any CPU
		{AD13DEB7-FFE6-45F5-ADE9-B083E7463F40}.Release|Any CPU.Build.0 = Release|Any CPU
	EndGlobalSection
	GlobalSection(SolutionProperties) = preSolution
		HideSolutionNode = FALSE
	EndGlobalSection
	GlobalSection(ExtensibilityGlobals) = postSolution
		SolutionGuid = {0BCFC0E8-9856-425D-B542-A7A90CB7E00A}
	EndGlobalSection
EndGlobal
